[root]
name = "rustic-io"
version = "0.1.1"
dependencies = [
 "rust-crypto 0.1.0 (git+https://github.com/dagenix/rust-crypto#25a54b4342900193ace379f26655e714348203e1)",
]

[[package]]
name = "rust-crypto"
version = "0.1.0"
source = "git+https://github.com/dagenix/rust-crypto#25a54b4342900193ace379f26655e714348203e1"

